hash: 6b077ea34940c0ff1ce6f0936459f3d27b71e8a99c409eba5bef8e6822f2a4ef
updated: 2017-10-15T01:34:55.2349836Z
imports:
- name: github.com/beorn7/perks
  version: 4c0e84591b9aa9e6dcfdf3e020114cd81f89d5f9
  subpackages:
  - quantile
- name: github.com/duhruh/tackle
  version: 35dda67298f663e71e532ea8e4c912401a64376e
  subpackages:
  - config
  - domain
  - dsnotify
  - generic
  - task
  - transport/grpc
  - transport/http
- name: github.com/fatih/color
  version: 5df930a27be2502f99b292b7cc09ebad4d0891f4
- name: github.com/fsnotify/fsnotify
  version: 4da3e2cfbabc9f751898f250b49f2439785783a1
- name: github.com/go-errors/errors
  version: 8fa88b06e5974e97fbf9899a7f86a344bfd1f105
- name: github.com/go-kit/kit
  version: a9ca6725cbbea455e61c6bc8a1ed28e81eb3493b
  subpackages:
  - endpoint
  - log
  - log/level
  - metrics
  - metrics/internal/lv
  - metrics/prometheus
  - transport/grpc
  - transport/http
- name: github.com/go-logfmt/logfmt
  version: 390ab7935ee28ec6b286364bba9b4dd6410cb3d5
- name: github.com/go-sql-driver/mysql
  version: eb92a8dc628ca52501ddae1ed90eca7514f215bf
- name: github.com/go-stack/stack
  version: 817915b46b97fd7bb80e8ab6b69f01a53ac3eebf
- name: github.com/golang/protobuf
  version: 130e6b02ab059e7b717a096f397c5b60111cae74
  subpackages:
  - proto
  - ptypes/any
- name: github.com/gorilla/context
  version: 08b5f424b9271eedf6f9f0ce86cb9396ed337a42
- name: github.com/gorilla/mux
  version: 24fca303ac6da784b9e8269f724ddeb0b2eea5e7
- name: github.com/kr/logfmt
  version: b84e30acd515aadc4b783ad4ff83aff3299bdfe0
- name: github.com/mattn/go-colorable
  version: 5411d3eea5978e6cdc258b30de592b60df6aba96
  repo: https://github.com/mattn/go-colorable
- name: github.com/mattn/go-isatty
  version: 57fdcb988a5c543893cc61bce354a6e24ab70022
  repo: https://github.com/mattn/go-isatty
- name: github.com/matttproud/golang_protobuf_extensions
  version: c12348ce28de40eed0136aa2b644d0ee0650e56c
  subpackages:
  - pbutil
- name: github.com/pkg/errors
  version: 2b3a18b5f0fb6b4f9190549597d3f962c02bc5eb
- name: github.com/prometheus/client_golang
  version: 967789050ba94deca04a5e84cce8ad472ce313c1
  subpackages:
  - prometheus
  - prometheus/promhttp
- name: github.com/prometheus/client_model
  version: 6f3806018612930941127f2a7c6c453ba2c527d2
  subpackages:
  - go
- name: github.com/prometheus/common
  version: 1bab55dd05dbff384524a6a1c99006d9eb5f139b
  subpackages:
  - expfmt
  - internal/bitbucket.org/ww/goautoneg
  - model
- name: github.com/prometheus/procfs
  version: e645f4e5aaa8506fc71d6edbc5c4ff02c04c46f2
  subpackages:
  - xfs
- name: github.com/satori/go.uuid
  version: 879c5887cd475cd7864858769793b2ceb0d44feb
- name: github.com/sirupsen/logrus
  version: 89742aefa4b206dcf400792f3bd35b542998eb3b
- name: golang.org/x/net
  version: a04bdaca5b32abe1c069418fb7088ae607de5bd0
  subpackages:
  - context
  - http2
  - http2/hpack
  - idna
  - internal/timeseries
  - lex/httplex
  - trace
- name: golang.org/x/sys
  version: e24f485414aeafb646f6fca458b0bf869c0880a1
  repo: https://go.googlesource.com/sys
  subpackages:
  - unix
- name: golang.org/x/text
  version: c01e4764d870b77f8abe5096ee19ad20d80e8075
  subpackages:
  - secure/bidirule
  - transform
  - unicode/bidi
  - unicode/norm
- name: google.golang.org/genproto
  version: f676e0f3ac6395ff1a529ae59a6670878a8371a6
  subpackages:
  - googleapis/rpc/status
- name: google.golang.org/grpc
  version: b3ddf786825de56a4178401b7e174ee332173b66
  subpackages:
  - codes
  - connectivity
  - credentials
  - grpclb/grpc_lb_v1
  - grpclog
  - internal
  - keepalive
  - metadata
  - naming
  - peer
  - stats
  - status
  - tap
  - transport
- name: gopkg.in/olivere/elastic.v5
  version: 75b071e35066bfb592a0d770e4cd1e5a5e45edf0
  subpackages:
  - config
  - uritemplates
- name: gopkg.in/yaml.v2
  version: eb3733d160e74a9c7e442f435eb3bea458e1d19f
- name: upper.io/db.v3
  version: 4ceccb1227aba5fc0f71ca3adc5dd759dfbc093e
  subpackages:
  - internal/cache
  - internal/cache/hashstructure
  - internal/immutable
  - internal/sqladapter
  - internal/sqladapter/compat
  - internal/sqladapter/exql
  - lib/reflectx
  - lib/sqlbuilder
  - mysql
testImports: []
