hash: 4430e082712c20dec53b443e0ca5e37193866862ec16f3c40a8c715d6fd27267
updated: 2017-09-17T03:36:59.1182088Z
imports:
- name: github.com/beorn7/perks
  version: 4c0e84591b9aa9e6dcfdf3e020114cd81f89d5f9
  subpackages:
  - quantile
- name: github.com/duhruh/tackle
  version: 8e049dcab9cbe2794d92a7f45d6f696ed8c1a8ea
  subpackages:
  - domain
  - task
  - transport/http
- name: github.com/go-kit/kit
  version: a9ca6725cbbea455e61c6bc8a1ed28e81eb3493b
  subpackages:
  - endpoint
  - log
  - metrics
  - metrics/internal/lv
  - metrics/prometheus
  - transport/http
- name: github.com/go-logfmt/logfmt
  version: 390ab7935ee28ec6b286364bba9b4dd6410cb3d5
- name: github.com/go-stack/stack
  version: 817915b46b97fd7bb80e8ab6b69f01a53ac3eebf
- name: github.com/golang/protobuf
  version: 11b8df160996e00fd4b55cbaafb3d84ec6d50fa8
  subpackages:
  - proto
- name: github.com/gorilla/context
  version: 08b5f424b9271eedf6f9f0ce86cb9396ed337a42
- name: github.com/gorilla/mux
  version: 24fca303ac6da784b9e8269f724ddeb0b2eea5e7
- name: github.com/kr/logfmt
  version: b84e30acd515aadc4b783ad4ff83aff3299bdfe0
- name: github.com/matttproud/golang_protobuf_extensions
  version: c12348ce28de40eed0136aa2b644d0ee0650e56c
  subpackages:
  - pbutil
- name: github.com/prometheus/client_golang
  version: 967789050ba94deca04a5e84cce8ad472ce313c1
  subpackages:
  - prometheus
  - prometheus/promhttp
- name: github.com/prometheus/client_model
  version: 6f3806018612930941127f2a7c6c453ba2c527d2
  subpackages:
  - go
- name: github.com/prometheus/common
  version: 2f17f4a9d485bf34b4bfaccc273805040e4f86c8
  subpackages:
  - expfmt
  - internal/bitbucket.org/ww/goautoneg
  - model
- name: github.com/prometheus/procfs
  version: e645f4e5aaa8506fc71d6edbc5c4ff02c04c46f2
  subpackages:
  - xfs
- name: github.com/satori/go.uuid
  version: 879c5887cd475cd7864858769793b2ceb0d44feb
testImports: []
